// !$*UTF8*$!
{
	archiveVersion = 1;
	classes = {
	};
	objectVersion = 52;
	objects = {

/* Begin PBXBuildFile section */
		461D4C8326FE09820072E4F3 /* Lottie in Frameworks */ = {isa = PBXBuildFile; productRef = 461D4C8226FE09820072E4F3 /* Lottie */; };
		461D4CA026FE0AB90072E4F3 /* lf20_n51mt8di.json in Resources */ = {isa = PBXBuildFile; fileRef = 461D4C9B26FE0AB50072E4F3 /* lf20_n51mt8di.json */; };
		461D4CA126FE0AB90072E4F3 /* lf20_wotrgcan.json in Resources */ = {isa = PBXBuildFile; fileRef = 461D4C9C26FE0AB60072E4F3 /* lf20_wotrgcan.json */; };
		461D4CA226FE0AB90072E4F3 /* lf20_fkse2kbw.json in Resources */ = {isa = PBXBuildFile; fileRef = 461D4C9D26FE0AB70072E4F3 /* lf20_fkse2kbw.json */; };
		461D4CA326FE0AB90072E4F3 /* lf20_2lsutk8e.json in Resources */ = {isa = PBXBuildFile; fileRef = 461D4C9E26FE0AB80072E4F3 /* lf20_2lsutk8e.json */; };
		461D4CA426FE0AB90072E4F3 /* lf20_f3rgysv8.json in Resources */ = {isa = PBXBuildFile; fileRef = 461D4C9F26FE0AB90072E4F3 /* lf20_f3rgysv8.json */; };
		464E3DA426FCAF3600D4CF76 /* SnapKit in Frameworks */ = {isa = PBXBuildFile; productRef = 464E3DA326FCAF3600D4CF76 /* SnapKit */; };
		46A4BF5826F36F2B00B42C77 /* AppDelegate.swift in Sources */ = {isa = PBXBuildFile; fileRef = 46A4BF5726F36F2B00B42C77 /* AppDelegate.swift */; };
		46A4BF5A26F36F2B00B42C77 /* SceneDelegate.swift in Sources */ = {isa = PBXBuildFile; fileRef = 46A4BF5926F36F2B00B42C77 /* SceneDelegate.swift */; };
		46A4BF5F26F36F2B00B42C77 /* Main.storyboard in Resources */ = {isa = PBXBuildFile; fileRef = 46A4BF5D26F36F2B00B42C77 /* Main.storyboard */; };
		46A4BF6126F36F2D00B42C77 /* Assets.xcassets in Resources */ = {isa = PBXBuildFile; fileRef = 46A4BF6026F36F2D00B42C77 /* Assets.xcassets */; };
		46A4BF6426F36F2D00B42C77 /* LaunchScreen.storyboard in Resources */ = {isa = PBXBuildFile; fileRef = 46A4BF6226F36F2D00B42C77 /* LaunchScreen.storyboard */; };
		46A4BF9C26F377D800B42C77 /* SignUpViewController.swift in Sources */ = {isa = PBXBuildFile; fileRef = 46A4BF9B26F377D800B42C77 /* SignUpViewController.swift */; };
		46A4BFA126F377F700B42C77 /* ShowTodoViewController.swift in Sources */ = {isa = PBXBuildFile; fileRef = 46A4BFA026F377F700B42C77 /* ShowTodoViewController.swift */; };
		46A4BFA426F3780300B42C77 /* EditTodoViewController.swift in Sources */ = {isa = PBXBuildFile; fileRef = 46A4BFA326F3780300B42C77 /* EditTodoViewController.swift */; };
		46A4BFA726F3781000B42C77 /* AddTodoViewController.swift in Sources */ = {isa = PBXBuildFile; fileRef = 46A4BFA626F3781000B42C77 /* AddTodoViewController.swift */; };
		46A4BFAA26F37D8700B42C77 /* Alert.swift in Sources */ = {isa = PBXBuildFile; fileRef = 46A4BFA926F37D8700B42C77 /* Alert.swift */; };
		46A4BFAD26F380D500B42C77 /* SetObject.swift in Sources */ = {isa = PBXBuildFile; fileRef = 46A4BFAC26F380D500B42C77 /* SetObject.swift */; };
		46A4C02026F6413900B42C77 /* MypageViewController.swift in Sources */ = {isa = PBXBuildFile; fileRef = 46A4C01F26F6413900B42C77 /* MypageViewController.swift */; };
		46A4C02326F7641C00B42C77 /* UserDeleteViewController.swift in Sources */ = {isa = PBXBuildFile; fileRef = 46A4C02226F7641C00B42C77 /* UserDeleteViewController.swift */; };
		46A4C05326F810B500B42C77 /* ViewController.swift in Sources */ = {isa = PBXBuildFile; fileRef = 46A4C05226F810B500B42C77 /* ViewController.swift */; };
		46A4C05726F8111500B42C77 /* ShowDoneViewController.swift in Sources */ = {isa = PBXBuildFile; fileRef = 46A4C05626F8111500B42C77 /* ShowDoneViewController.swift */; };
		46A4C05A26F8147800B42C77 /* EditDoneViewController.swift in Sources */ = {isa = PBXBuildFile; fileRef = 46A4C05926F8147800B42C77 /* EditDoneViewController.swift */; };
		46CA5BFF270073AE00661116 /* left2.png in Resources */ = {isa = PBXBuildFile; fileRef = 46CA5BF5270073AD00661116 /* left2.png */; };
		46CA5C00270073AE00661116 /* left3.png in Resources */ = {isa = PBXBuildFile; fileRef = 46CA5BF6270073AD00661116 /* left3.png */; };
		46CA5C01270073AE00661116 /* ゲーム.png in Resources */ = {isa = PBXBuildFile; fileRef = 46CA5BF7270073AD00661116 /* ゲーム.png */; };
		46CA5C02270073AE00661116 /* left1.png in Resources */ = {isa = PBXBuildFile; fileRef = 46CA5BF8270073AD00661116 /* left1.png */; };
		46CA5C03270073AE00661116 /* left4.png in Resources */ = {isa = PBXBuildFile; fileRef = 46CA5BF9270073AD00661116 /* left4.png */; };
		46CA5C04270073AE00661116 /* 本.png in Resources */ = {isa = PBXBuildFile; fileRef = 46CA5BFA270073AD00661116 /* 本.png */; };
		46CA5C05270073AE00661116 /* その他.png in Resources */ = {isa = PBXBuildFile; fileRef = 46CA5BFB270073AD00661116 /* その他.png */; };
		46CA5C06270073AE00661116 /* knock.mp3 in Resources */ = {isa = PBXBuildFile; fileRef = 46CA5BFD270073AD00661116 /* knock.mp3 */; };
		46CA5C07270073AE00661116 /* collapse.mp3 in Resources */ = {isa = PBXBuildFile; fileRef = 46CA5BFE270073AD00661116 /* collapse.mp3 */; };
		46CA5C1B2700AD8F00661116 /* GoogleService-Info.plist in Resources */ = {isa = PBXBuildFile; fileRef = 46CA5C1A2700AD8E00661116 /* GoogleService-Info.plist */; };
		F899E113F2D10EC921C6E05C /* Pods_Todo.framework in Frameworks */ = {isa = PBXBuildFile; fileRef = 7845387807511585ED247439 /* Pods_Todo.framework */; };
/* End PBXBuildFile section */

/* Begin PBXFileReference section */
		0FBE6EB9518B27199E9FC501 /* Pods-Todo.debug.xcconfig */ = {isa = PBXFileReference; includeInIndex = 1; lastKnownFileType = text.xcconfig; name = "Pods-Todo.debug.xcconfig"; path = "Target Support Files/Pods-Todo/Pods-Todo.debug.xcconfig"; sourceTree = "<group>"; };
		461D4C9B26FE0AB50072E4F3 /* lf20_n51mt8di.json */ = {isa = PBXFileReference; fileEncoding = 4; lastKnownFileType = text.json; path = lf20_n51mt8di.json; sourceTree = "<group>"; };
		461D4C9C26FE0AB60072E4F3 /* lf20_wotrgcan.json */ = {isa = PBXFileReference; fileEncoding = 4; lastKnownFileType = text.json; path = lf20_wotrgcan.json; sourceTree = "<group>"; };
		461D4C9D26FE0AB70072E4F3 /* lf20_fkse2kbw.json */ = {isa = PBXFileReference; fileEncoding = 4; lastKnownFileType = text.json; path = lf20_fkse2kbw.json; sourceTree = "<group>"; };
		461D4C9E26FE0AB80072E4F3 /* lf20_2lsutk8e.json */ = {isa = PBXFileReference; fileEncoding = 4; lastKnownFileType = text.json; path = lf20_2lsutk8e.json; sourceTree = "<group>"; };
		461D4C9F26FE0AB90072E4F3 /* lf20_f3rgysv8.json */ = {isa = PBXFileReference; fileEncoding = 4; lastKnownFileType = text.json; path = lf20_f3rgysv8.json; sourceTree = "<group>"; };
		464B7D5B2701F0F300CFDC22 /* Todo.entitlements */ = {isa = PBXFileReference; lastKnownFileType = text.plist.entitlements; path = Todo.entitlements; sourceTree = "<group>"; };
		46A4BF5426F36F2B00B42C77 /* Todo.app */ = {isa = PBXFileReference; explicitFileType = wrapper.application; includeInIndex = 0; path = Todo.app; sourceTree = BUILT_PRODUCTS_DIR; };
		46A4BF5726F36F2B00B42C77 /* AppDelegate.swift */ = {isa = PBXFileReference; lastKnownFileType = sourcecode.swift; path = AppDelegate.swift; sourceTree = "<group>"; };
		46A4BF5926F36F2B00B42C77 /* SceneDelegate.swift */ = {isa = PBXFileReference; lastKnownFileType = sourcecode.swift; path = SceneDelegate.swift; sourceTree = "<group>"; };
		46A4BF5E26F36F2B00B42C77 /* Base */ = {isa = PBXFileReference; lastKnownFileType = file.storyboard; name = Base; path = Base.lproj/Main.storyboard; sourceTree = "<group>"; };
		46A4BF6026F36F2D00B42C77 /* Assets.xcassets */ = {isa = PBXFileReference; lastKnownFileType = folder.assetcatalog; path = Assets.xcassets; sourceTree = "<group>"; };
		46A4BF6326F36F2D00B42C77 /* Base */ = {isa = PBXFileReference; lastKnownFileType = file.storyboard; name = Base; path = Base.lproj/LaunchScreen.storyboard; sourceTree = "<group>"; };
		46A4BF6526F36F2D00B42C77 /* Info.plist */ = {isa = PBXFileReference; lastKnownFileType = text.plist.xml; path = Info.plist; sourceTree = "<group>"; };
		46A4BF9B26F377D800B42C77 /* SignUpViewController.swift */ = {isa = PBXFileReference; lastKnownFileType = sourcecode.swift; path = SignUpViewController.swift; sourceTree = "<group>"; };
		46A4BFA026F377F700B42C77 /* ShowTodoViewController.swift */ = {isa = PBXFileReference; lastKnownFileType = sourcecode.swift; path = ShowTodoViewController.swift; sourceTree = "<group>"; };
		46A4BFA326F3780300B42C77 /* EditTodoViewController.swift */ = {isa = PBXFileReference; lastKnownFileType = sourcecode.swift; path = EditTodoViewController.swift; sourceTree = "<group>"; };
		46A4BFA626F3781000B42C77 /* AddTodoViewController.swift */ = {isa = PBXFileReference; lastKnownFileType = sourcecode.swift; path = AddTodoViewController.swift; sourceTree = "<group>"; };
		46A4BFA926F37D8700B42C77 /* Alert.swift */ = {isa = PBXFileReference; lastKnownFileType = sourcecode.swift; path = Alert.swift; sourceTree = "<group>"; };
		46A4BFAC26F380D500B42C77 /* SetObject.swift */ = {isa = PBXFileReference; lastKnownFileType = sourcecode.swift; path = SetObject.swift; sourceTree = "<group>"; };
		46A4C01F26F6413900B42C77 /* MypageViewController.swift */ = {isa = PBXFileReference; lastKnownFileType = sourcecode.swift; path = MypageViewController.swift; sourceTree = "<group>"; };
		46A4C02226F7641C00B42C77 /* UserDeleteViewController.swift */ = {isa = PBXFileReference; lastKnownFileType = sourcecode.swift; path = UserDeleteViewController.swift; sourceTree = "<group>"; };
		46A4C05226F810B500B42C77 /* ViewController.swift */ = {isa = PBXFileReference; lastKnownFileType = sourcecode.swift; path = ViewController.swift; sourceTree = "<group>"; };
		46A4C05626F8111500B42C77 /* ShowDoneViewController.swift */ = {isa = PBXFileReference; lastKnownFileType = sourcecode.swift; path = ShowDoneViewController.swift; sourceTree = "<group>"; };
		46A4C05926F8147800B42C77 /* EditDoneViewController.swift */ = {isa = PBXFileReference; lastKnownFileType = sourcecode.swift; path = EditDoneViewController.swift; sourceTree = "<group>"; };
		46CA5BF5270073AD00661116 /* left2.png */ = {isa = PBXFileReference; lastKnownFileType = image.png; path = left2.png; sourceTree = "<group>"; };
		46CA5BF6270073AD00661116 /* left3.png */ = {isa = PBXFileReference; lastKnownFileType = image.png; path = left3.png; sourceTree = "<group>"; };
		46CA5BF7270073AD00661116 /* ゲーム.png */ = {isa = PBXFileReference; lastKnownFileType = image.png; path = "ゲーム.png"; sourceTree = "<group>"; };
		46CA5BF8270073AD00661116 /* left1.png */ = {isa = PBXFileReference; lastKnownFileType = image.png; path = left1.png; sourceTree = "<group>"; };
		46CA5BF9270073AD00661116 /* left4.png */ = {isa = PBXFileReference; lastKnownFileType = image.png; path = left4.png; sourceTree = "<group>"; };
		46CA5BFA270073AD00661116 /* 本.png */ = {isa = PBXFileReference; lastKnownFileType = image.png; path = "本.png"; sourceTree = "<group>"; };
		46CA5BFB270073AD00661116 /* その他.png */ = {isa = PBXFileReference; lastKnownFileType = image.png; path = "その他.png"; sourceTree = "<group>"; };
		46CA5BFD270073AD00661116 /* knock.mp3 */ = {isa = PBXFileReference; lastKnownFileType = audio.mp3; path = knock.mp3; sourceTree = "<group>"; };
		46CA5BFE270073AD00661116 /* collapse.mp3 */ = {isa = PBXFileReference; lastKnownFileType = audio.mp3; path = collapse.mp3; sourceTree = "<group>"; };
		46CA5C1A2700AD8E00661116 /* GoogleService-Info.plist */ = {isa = PBXFileReference; fileEncoding = 4; lastKnownFileType = text.plist.xml; name = "GoogleService-Info.plist"; path = "../../../../../Downloads/GoogleService-Info.plist"; sourceTree = "<group>"; };
		5303F174BF05F58E415EF0A7 /* Pods-Todo.release.xcconfig */ = {isa = PBXFileReference; includeInIndex = 1; lastKnownFileType = text.xcconfig; name = "Pods-Todo.release.xcconfig"; path = "Target Support Files/Pods-Todo/Pods-Todo.release.xcconfig"; sourceTree = "<group>"; };
		7845387807511585ED247439 /* Pods_Todo.framework */ = {isa = PBXFileReference; explicitFileType = wrapper.framework; includeInIndex = 0; path = Pods_Todo.framework; sourceTree = BUILT_PRODUCTS_DIR; };
/* End PBXFileReference section */

/* Begin PBXFrameworksBuildPhase section */
		46A4BF5126F36F2B00B42C77 /* Frameworks */ = {
			isa = PBXFrameworksBuildPhase;
			buildActionMask = 2147483647;
			files = (
				F899E113F2D10EC921C6E05C /* Pods_Todo.framework in Frameworks */,
				464E3DA426FCAF3600D4CF76 /* SnapKit in Frameworks */,
				461D4C8326FE09820072E4F3 /* Lottie in Frameworks */,
			);
			runOnlyForDeploymentPostprocessing = 0;
		};
/* End PBXFrameworksBuildPhase section */

/* Begin PBXGroup section */
		46A4BF4B26F36F2B00B42C77 = {
			isa = PBXGroup;
			children = (
				46A4BF5626F36F2B00B42C77 /* Todo */,
				46A4BF5526F36F2B00B42C77 /* Products */,
				D918F8938BD264AA1CC0D4FD /* Pods */,
				99120931AAFF564D9F4FB07C /* Frameworks */,
			);
			sourceTree = "<group>";
		};
		46A4BF5526F36F2B00B42C77 /* Products */ = {
			isa = PBXGroup;
			children = (
				46A4BF5426F36F2B00B42C77 /* Todo.app */,
			);
			name = Products;
			sourceTree = "<group>";
		};
		46A4BF5626F36F2B00B42C77 /* Todo */ = {
			isa = PBXGroup;
			children = (
				464B7D5B2701F0F300CFDC22 /* Todo.entitlements */,
				46CA5BF3270073AD00661116 /* Todo_Resource */,
				46A4BF5726F36F2B00B42C77 /* AppDelegate.swift */,
				46A4BF5926F36F2B00B42C77 /* SceneDelegate.swift */,
				46A4C05226F810B500B42C77 /* ViewController.swift */,
				46A4BF5D26F36F2B00B42C77 /* Main.storyboard */,
				46A4BF6026F36F2D00B42C77 /* Assets.xcassets */,
				46A4BF6226F36F2D00B42C77 /* LaunchScreen.storyboard */,
				46A4BF6526F36F2D00B42C77 /* Info.plist */,
				461D4C9E26FE0AB80072E4F3 /* lf20_2lsutk8e.json */,
				461D4C9F26FE0AB90072E4F3 /* lf20_f3rgysv8.json */,
				46CA5C1A2700AD8E00661116 /* GoogleService-Info.plist */,
				461D4C9D26FE0AB70072E4F3 /* lf20_fkse2kbw.json */,
				461D4C9B26FE0AB50072E4F3 /* lf20_n51mt8di.json */,
				461D4C9C26FE0AB60072E4F3 /* lf20_wotrgcan.json */,
				46A4BF9B26F377D800B42C77 /* SignUpViewController.swift */,
				46A4BFA026F377F700B42C77 /* ShowTodoViewController.swift */,
				46A4BFA326F3780300B42C77 /* EditTodoViewController.swift */,
				46A4BFA626F3781000B42C77 /* AddTodoViewController.swift */,
				46A4BFA926F37D8700B42C77 /* Alert.swift */,
				46A4BFAC26F380D500B42C77 /* SetObject.swift */,
				46A4C01F26F6413900B42C77 /* MypageViewController.swift */,
				46A4C02226F7641C00B42C77 /* UserDeleteViewController.swift */,
				46A4C05626F8111500B42C77 /* ShowDoneViewController.swift */,
				46A4C05926F8147800B42C77 /* EditDoneViewController.swift */,
			);
			path = Todo;
			sourceTree = "<group>";
		};
		46CA5BF3270073AD00661116 /* Todo_Resource */ = {
			isa = PBXGroup;
			children = (
				46CA5BF4270073AD00661116 /* Images */,
				46CA5BFC270073AD00661116 /* Sounds */,
			);
			path = Todo_Resource;
			sourceTree = "<group>";
		};
		46CA5BF4270073AD00661116 /* Images */ = {
			isa = PBXGroup;
			children = (
				46CA5BF5270073AD00661116 /* left2.png */,
				46CA5BF6270073AD00661116 /* left3.png */,
				46CA5BF7270073AD00661116 /* ゲーム.png */,
				46CA5BF8270073AD00661116 /* left1.png */,
				46CA5BF9270073AD00661116 /* left4.png */,
				46CA5BFA270073AD00661116 /* 本.png */,
				46CA5BFB270073AD00661116 /* その他.png */,
			);
			path = Images;
			sourceTree = "<group>";
		};
		46CA5BFC270073AD00661116 /* Sounds */ = {
			isa = PBXGroup;
			children = (
				46CA5BFD270073AD00661116 /* knock.mp3 */,
				46CA5BFE270073AD00661116 /* collapse.mp3 */,
			);
			path = Sounds;
			sourceTree = "<group>";
		};
		99120931AAFF564D9F4FB07C /* Frameworks */ = {
			isa = PBXGroup;
			children = (
				7845387807511585ED247439 /* Pods_Todo.framework */,
			);
			name = Frameworks;
			sourceTree = "<group>";
		};
		D918F8938BD264AA1CC0D4FD /* Pods */ = {
			isa = PBXGroup;
			children = (
				0FBE6EB9518B27199E9FC501 /* Pods-Todo.debug.xcconfig */,
				5303F174BF05F58E415EF0A7 /* Pods-Todo.release.xcconfig */,
			);
			path = Pods;
			sourceTree = "<group>";
		};
/* End PBXGroup section */

/* Begin PBXNativeTarget section */
		46A4BF5326F36F2B00B42C77 /* Todo */ = {
			isa = PBXNativeTarget;
			buildConfigurationList = 46A4BF6826F36F2D00B42C77 /* Build configuration list for PBXNativeTarget "Todo" */;
			buildPhases = (
				84CFE86E4B0D0AE84A5E0483 /* [CP] Check Pods Manifest.lock */,
				46A4BF5026F36F2B00B42C77 /* Sources */,
				46A4BF5126F36F2B00B42C77 /* Frameworks */,
				46A4BF5226F36F2B00B42C77 /* Resources */,
				792A2642631D1480F0E2163B /* [CP] Embed Pods Frameworks */,
			);
			buildRules = (
			);
			dependencies = (
			);
			name = Todo;
			packageProductDependencies = (
				464E3DA326FCAF3600D4CF76 /* SnapKit */,
				461D4C8226FE09820072E4F3 /* Lottie */,
			);
			productName = Todo;
			productReference = 46A4BF5426F36F2B00B42C77 /* Todo.app */;
			productType = "com.apple.product-type.application";
		};
/* End PBXNativeTarget section */

/* Begin PBXProject section */
		46A4BF4C26F36F2B00B42C77 /* Project object */ = {
			isa = PBXProject;
			attributes = {
				LastSwiftUpdateCheck = 1240;
				LastUpgradeCheck = 1240;
				TargetAttributes = {
					46A4BF5326F36F2B00B42C77 = {
						CreatedOnToolsVersion = 12.4;
					};
				};
			};
			buildConfigurationList = 46A4BF4F26F36F2B00B42C77 /* Build configuration list for PBXProject "Todo" */;
			compatibilityVersion = "Xcode 9.3";
			developmentRegion = en;
			hasScannedForEncodings = 0;
			knownRegions = (
				en,
				Base,
			);
			mainGroup = 46A4BF4B26F36F2B00B42C77;
			packageReferences = (
				464E3DA226FCAF3600D4CF76 /* XCRemoteSwiftPackageReference "SnapKit" */,
				461D4C8126FE09820072E4F3 /* XCRemoteSwiftPackageReference "lottie-ios" */,
			);
			productRefGroup = 46A4BF5526F36F2B00B42C77 /* Products */;
			projectDirPath = "";
			projectRoot = "";
			targets = (
				46A4BF5326F36F2B00B42C77 /* Todo */,
			);
		};
/* End PBXProject section */

/* Begin PBXResourcesBuildPhase section */
		46A4BF5226F36F2B00B42C77 /* Resources */ = {
			isa = PBXResourcesBuildPhase;
			buildActionMask = 2147483647;
			files = (
				461D4CA426FE0AB90072E4F3 /* lf20_f3rgysv8.json in Resources */,
				46CA5C07270073AE00661116 /* collapse.mp3 in Resources */,
				46CA5C03270073AE00661116 /* left4.png in Resources */,
				46A4BF6426F36F2D00B42C77 /* LaunchScreen.storyboard in Resources */,
				46CA5C02270073AE00661116 /* left1.png in Resources */,
				461D4CA026FE0AB90072E4F3 /* lf20_n51mt8di.json in Resources */,
				461D4CA226FE0AB90072E4F3 /* lf20_fkse2kbw.json in Resources */,
				46CA5C01270073AE00661116 /* ゲーム.png in Resources */,
				46A4BF6126F36F2D00B42C77 /* Assets.xcassets in Resources */,
				46CA5C04270073AE00661116 /* 本.png in Resources */,
				461D4CA126FE0AB90072E4F3 /* lf20_wotrgcan.json in Resources */,
				46CA5C1B2700AD8F00661116 /* GoogleService-Info.plist in Resources */,
				46CA5C05270073AE00661116 /* その他.png in Resources */,
				46CA5BFF270073AE00661116 /* left2.png in Resources */,
				46A4BF5F26F36F2B00B42C77 /* Main.storyboard in Resources */,
				46CA5C00270073AE00661116 /* left3.png in Resources */,
				46CA5C06270073AE00661116 /* knock.mp3 in Resources */,
				461D4CA326FE0AB90072E4F3 /* lf20_2lsutk8e.json in Resources */,
			);
			runOnlyForDeploymentPostprocessing = 0;
		};
/* End PBXResourcesBuildPhase section */

/* Begin PBXShellScriptBuildPhase section */
		792A2642631D1480F0E2163B /* [CP] Embed Pods Frameworks */ = {
			isa = PBXShellScriptBuildPhase;
			buildActionMask = 2147483647;
			files = (
			);
			inputFileListPaths = (
				"${PODS_ROOT}/Target Support Files/Pods-Todo/Pods-Todo-frameworks-${CONFIGURATION}-input-files.xcfilelist",
			);
			name = "[CP] Embed Pods Frameworks";
			outputFileListPaths = (
				"${PODS_ROOT}/Target Support Files/Pods-Todo/Pods-Todo-frameworks-${CONFIGURATION}-output-files.xcfilelist",
			);
			runOnlyForDeploymentPostprocessing = 0;
			shellPath = /bin/sh;
			shellScript = "\"${PODS_ROOT}/Target Support Files/Pods-Todo/Pods-Todo-frameworks.sh\"\n";
			showEnvVarsInLog = 0;
		};
		84CFE86E4B0D0AE84A5E0483 /* [CP] Check Pods Manifest.lock */ = {
			isa = PBXShellScriptBuildPhase;
			buildActionMask = 2147483647;
			files = (
			);
			inputFileListPaths = (
			);
			inputPaths = (
				"${PODS_PODFILE_DIR_PATH}/Podfile.lock",
				"${PODS_ROOT}/Manifest.lock",
			);
			name = "[CP] Check Pods Manifest.lock";
			outputFileListPaths = (
			);
			outputPaths = (
				"$(DERIVED_FILE_DIR)/Pods-Todo-checkManifestLockResult.txt",
			);
			runOnlyForDeploymentPostprocessing = 0;
			shellPath = /bin/sh;
			shellScript = "diff \"${PODS_PODFILE_DIR_PATH}/Podfile.lock\" \"${PODS_ROOT}/Manifest.lock\" > /dev/null\nif [ $? != 0 ] ; then\n    # print error to STDERR\n    echo \"error: The sandbox is not in sync with the Podfile.lock. Run 'pod install' or update your CocoaPods installation.\" >&2\n    exit 1\nfi\n# This output is used by Xcode 'outputs' to avoid re-running this script phase.\necho \"SUCCESS\" > \"${SCRIPT_OUTPUT_FILE_0}\"\n";
			showEnvVarsInLog = 0;
		};
/* End PBXShellScriptBuildPhase section */

/* Begin PBXSourcesBuildPhase section */
		46A4BF5026F36F2B00B42C77 /* Sources */ = {
			isa = PBXSourcesBuildPhase;
			buildActionMask = 2147483647;
			files = (
				46A4BFAA26F37D8700B42C77 /* Alert.swift in Sources */,
				46A4BFA426F3780300B42C77 /* EditTodoViewController.swift in Sources */,
				46A4BF5826F36F2B00B42C77 /* AppDelegate.swift in Sources */,
				46A4BF9C26F377D800B42C77 /* SignUpViewController.swift in Sources */,
				46A4C05A26F8147800B42C77 /* EditDoneViewController.swift in Sources */,
				46A4BFA726F3781000B42C77 /* AddTodoViewController.swift in Sources */,
				46A4C05726F8111500B42C77 /* ShowDoneViewController.swift in Sources */,
				46A4C02326F7641C00B42C77 /* UserDeleteViewController.swift in Sources */,
				46A4BF5A26F36F2B00B42C77 /* SceneDelegate.swift in Sources */,
				46A4C05326F810B500B42C77 /* ViewController.swift in Sources */,
				46A4BFA126F377F700B42C77 /* ShowTodoViewController.swift in Sources */,
				46A4BFAD26F380D500B42C77 /* SetObject.swift in Sources */,
				46A4C02026F6413900B42C77 /* MypageViewController.swift in Sources */,
			);
			runOnlyForDeploymentPostprocessing = 0;
		};
/* End PBXSourcesBuildPhase section */

/* Begin PBXVariantGroup section */
		46A4BF5D26F36F2B00B42C77 /* Main.storyboard */ = {
			isa = PBXVariantGroup;
			children = (
				46A4BF5E26F36F2B00B42C77 /* Base */,
			);
			name = Main.storyboard;
			sourceTree = "<group>";
		};
		46A4BF6226F36F2D00B42C77 /* LaunchScreen.storyboard */ = {
			isa = PBXVariantGroup;
			children = (
				46A4BF6326F36F2D00B42C77 /* Base */,
			);
			name = LaunchScreen.storyboard;
			sourceTree = "<group>";
		};
/* End PBXVariantGroup section */

/* Begin XCBuildConfiguration section */
		46A4BF6626F36F2D00B42C77 /* Debug */ = {
			isa = XCBuildConfiguration;
			buildSettings = {
				ALWAYS_SEARCH_USER_PATHS = NO;
				CLANG_ANALYZER_NONNULL = YES;
				CLANG_ANALYZER_NUMBER_OBJECT_CONVERSION = YES_AGGRESSIVE;
				CLANG_CXX_LANGUAGE_STANDARD = "gnu++14";
				CLANG_CXX_LIBRARY = "libc++";
				CLANG_ENABLE_MODULES = YES;
				CLANG_ENABLE_OBJC_ARC = YES;
				CLANG_ENABLE_OBJC_WEAK = YES;
				CLANG_WARN_BLOCK_CAPTURE_AUTORELEASING = YES;
				CLANG_WARN_BOOL_CONVERSION = YES;
				CLANG_WARN_COMMA = YES;
				CLANG_WARN_CONSTANT_CONVERSION = YES;
				CLANG_WARN_DEPRECATED_OBJC_IMPLEMENTATIONS = YES;
				CLANG_WARN_DIRECT_OBJC_ISA_USAGE = YES_ERROR;
				CLANG_WARN_DOCUMENTATION_COMMENTS = YES;
				CLANG_WARN_EMPTY_BODY = YES;
				CLANG_WARN_ENUM_CONVERSION = YES;
				CLANG_WARN_INFINITE_RECURSION = YES;
				CLANG_WARN_INT_CONVERSION = YES;
				CLANG_WARN_NON_LITERAL_NULL_CONVERSION = YES;
				CLANG_WARN_OBJC_IMPLICIT_RETAIN_SELF = YES;
				CLANG_WARN_OBJC_LITERAL_CONVERSION = YES;
				CLANG_WARN_OBJC_ROOT_CLASS = YES_ERROR;
				CLANG_WARN_QUOTED_INCLUDE_IN_FRAMEWORK_HEADER = YES;
				CLANG_WARN_RANGE_LOOP_ANALYSIS = YES;
				CLANG_WARN_STRICT_PROTOTYPES = YES;
				CLANG_WARN_SUSPICIOUS_MOVE = YES;
				CLANG_WARN_UNGUARDED_AVAILABILITY = YES_AGGRESSIVE;
				CLANG_WARN_UNREACHABLE_CODE = YES;
				CLANG_WARN__DUPLICATE_METHOD_MATCH = YES;
				COPY_PHASE_STRIP = NO;
				DEBUG_INFORMATION_FORMAT = dwarf;
				ENABLE_STRICT_OBJC_MSGSEND = YES;
				ENABLE_TESTABILITY = YES;
				GCC_C_LANGUAGE_STANDARD = gnu11;
				GCC_DYNAMIC_NO_PIC = NO;
				GCC_NO_COMMON_BLOCKS = YES;
				GCC_OPTIMIZATION_LEVEL = 0;
				GCC_PREPROCESSOR_DEFINITIONS = (
					"DEBUG=1",
					"$(inherited)",
				);
				GCC_WARN_64_TO_32_BIT_CONVERSION = YES;
				GCC_WARN_ABOUT_RETURN_TYPE = YES_ERROR;
				GCC_WARN_UNDECLARED_SELECTOR = YES;
				GCC_WARN_UNINITIALIZED_AUTOS = YES_AGGRESSIVE;
				GCC_WARN_UNUSED_FUNCTION = YES;
				GCC_WARN_UNUSED_VARIABLE = YES;
				IPHONEOS_DEPLOYMENT_TARGET = 14.4;
				MTL_ENABLE_DEBUG_INFO = INCLUDE_SOURCE;
				MTL_FAST_MATH = YES;
				ONLY_ACTIVE_ARCH = NO;
				SDKROOT = iphoneos;
				SWIFT_ACTIVE_COMPILATION_CONDITIONS = DEBUG;
				SWIFT_OPTIMIZATION_LEVEL = "-Onone";
			};
			name = Debug;
		};
		46A4BF6726F36F2D00B42C77 /* Release */ = {
			isa = XCBuildConfiguration;
			buildSettings = {
				ALWAYS_SEARCH_USER_PATHS = NO;
				CLANG_ANALYZER_NONNULL = YES;
				CLANG_ANALYZER_NUMBER_OBJECT_CONVERSION = YES_AGGRESSIVE;
				CLANG_CXX_LANGUAGE_STANDARD = "gnu++14";
				CLANG_CXX_LIBRARY = "libc++";
				CLANG_ENABLE_MODULES = YES;
				CLANG_ENABLE_OBJC_ARC = YES;
				CLANG_ENABLE_OBJC_WEAK = YES;
				CLANG_WARN_BLOCK_CAPTURE_AUTORELEASING = YES;
				CLANG_WARN_BOOL_CONVERSION = YES;
				CLANG_WARN_COMMA = YES;
				CLANG_WARN_CONSTANT_CONVERSION = YES;
				CLANG_WARN_DEPRECATED_OBJC_IMPLEMENTATIONS = YES;
				CLANG_WARN_DIRECT_OBJC_ISA_USAGE = YES_ERROR;
				CLANG_WARN_DOCUMENTATION_COMMENTS = YES;
				CLANG_WARN_EMPTY_BODY = YES;
				CLANG_WARN_ENUM_CONVERSION = YES;
				CLANG_WARN_INFINITE_RECURSION = YES;
				CLANG_WARN_INT_CONVERSION = YES;
				CLANG_WARN_NON_LITERAL_NULL_CONVERSION = YES;
				CLANG_WARN_OBJC_IMPLICIT_RETAIN_SELF = YES;
				CLANG_WARN_OBJC_LITERAL_CONVERSION = YES;
				CLANG_WARN_OBJC_ROOT_CLASS = YES_ERROR;
				CLANG_WARN_QUOTED_INCLUDE_IN_FRAMEWORK_HEADER = YES;
				CLANG_WARN_RANGE_LOOP_ANALYSIS = YES;
				CLANG_WARN_STRICT_PROTOTYPES = YES;
				CLANG_WARN_SUSPICIOUS_MOVE = YES;
				CLANG_WARN_UNGUARDED_AVAILABILITY = YES_AGGRESSIVE;
				CLANG_WARN_UNREACHABLE_CODE = YES;
				CLANG_WARN__DUPLICATE_METHOD_MATCH = YES;
				COPY_PHASE_STRIP = NO;
				DEBUG_INFORMATION_FORMAT = "dwarf-with-dsym";
				ENABLE_NS_ASSERTIONS = NO;
				ENABLE_STRICT_OBJC_MSGSEND = YES;
				GCC_C_LANGUAGE_STANDARD = gnu11;
				GCC_NO_COMMON_BLOCKS = YES;
				GCC_WARN_64_TO_32_BIT_CONVERSION = YES;
				GCC_WARN_ABOUT_RETURN_TYPE = YES_ERROR;
				GCC_WARN_UNDECLARED_SELECTOR = YES;
				GCC_WARN_UNINITIALIZED_AUTOS = YES_AGGRESSIVE;
				GCC_WARN_UNUSED_FUNCTION = YES;
				GCC_WARN_UNUSED_VARIABLE = YES;
				IPHONEOS_DEPLOYMENT_TARGET = 14.4;
				MTL_ENABLE_DEBUG_INFO = NO;
				MTL_FAST_MATH = YES;
				ONLY_ACTIVE_ARCH = NO;
				SDKROOT = iphoneos;
				SWIFT_COMPILATION_MODE = wholemodule;
				SWIFT_OPTIMIZATION_LEVEL = "-O";
				VALIDATE_PRODUCT = YES;
			};
			name = Release;
		};
		46A4BF6926F36F2D00B42C77 /* Debug */ = {
			isa = XCBuildConfiguration;
			baseConfigurationReference = 0FBE6EB9518B27199E9FC501 /* Pods-Todo.debug.xcconfig */;
			buildSettings = {
				ASSETCATALOG_COMPILER_APPICON_NAME = AppIcon;
				ASSETCATALOG_COMPILER_GLOBAL_ACCENT_COLOR_NAME = AccentColor;
				CODE_SIGN_ENTITLEMENTS = Todo/Todo.entitlements;
				CODE_SIGN_IDENTITY = "Apple Development";
				CODE_SIGN_STYLE = Automatic;
				CURRENT_PROJECT_VERSION = 2;
				DEVELOPMENT_TEAM = LHCBVTUL9G;
				"EXCLUDED_ARCHS[sdk=iphonesimulator*]" = arm64;
				INFOPLIST_FILE = Todo/Info.plist;
				LD_RUNPATH_SEARCH_PATHS = (
					"$(inherited)",
					"@executable_path/Frameworks",
				);
				MARKETING_VERSION = 1.0;
				PRODUCT_BUNDLE_IDENTIFIER = app.matsushita.mutton.releaseDaruma;
				PRODUCT_NAME = "$(TARGET_NAME)";
				PROVISIONING_PROFILE_SPECIFIER = "";
				SWIFT_VERSION = 5.0;
				TARGETED_DEVICE_FAMILY = "1,2";
			};
			name = Debug;
		};
		46A4BF6A26F36F2D00B42C77 /* Release */ = {
			isa = XCBuildConfiguration;
			baseConfigurationReference = 5303F174BF05F58E415EF0A7 /* Pods-Todo.release.xcconfig */;
			buildSettings = {
				ASSETCATALOG_COMPILER_APPICON_NAME = AppIcon;
				ASSETCATALOG_COMPILER_GLOBAL_ACCENT_COLOR_NAME = AccentColor;
				CODE_SIGN_ENTITLEMENTS = Todo/Todo.entitlements;
				CODE_SIGN_IDENTITY = "Apple Development";
				CODE_SIGN_STYLE = Automatic;
				CURRENT_PROJECT_VERSION = 2;
				DEVELOPMENT_TEAM = LHCBVTUL9G;
				INFOPLIST_FILE = Todo/Info.plist;
				LD_RUNPATH_SEARCH_PATHS = (
					"$(inherited)",
					"@executable_path/Frameworks",
				);
				MARKETING_VERSION = 1.0;
				PRODUCT_BUNDLE_IDENTIFIER = app.matsushita.mutton.releaseDaruma;
				PRODUCT_NAME = "$(TARGET_NAME)";
				PROVISIONING_PROFILE_SPECIFIER = "";
				SWIFT_VERSION = 5.0;
				TARGETED_DEVICE_FAMILY = "1,2";
			};
			name = Release;
		};
/* End XCBuildConfiguration section */

/* Begin XCConfigurationList section */
		46A4BF4F26F36F2B00B42C77 /* Build configuration list for PBXProject "Todo" */ = {
			isa = XCConfigurationList;
			buildConfigurations = (
				46A4BF6626F36F2D00B42C77 /* Debug */,
				46A4BF6726F36F2D00B42C77 /* Release */,
			);
			defaultConfigurationIsVisible = 0;
			defaultConfigurationName = Release;
		};
		46A4BF6826F36F2D00B42C77 /* Build configuration list for PBXNativeTarget "Todo" */ = {
			isa = XCConfigurationList;
			buildConfigurations = (
				46A4BF6926F36F2D00B42C77 /* Debug */,
				46A4BF6A26F36F2D00B42C77 /* Release */,
			);
			defaultConfigurationIsVisible = 0;
			defaultConfigurationName = Release;
		};
/* End XCConfigurationList section */

/* Begin XCRemoteSwiftPackageReference section */
		461D4C8126FE09820072E4F3 /* XCRemoteSwiftPackageReference "lottie-ios" */ = {
			isa = XCRemoteSwiftPackageReference;
			repositoryURL = "https://github.com/airbnb/lottie-ios";
			requirement = {
				kind = upToNextMajorVersion;
				minimumVersion = 3.2.3;
			};
		};
		464E3DA226FCAF3600D4CF76 /* XCRemoteSwiftPackageReference "SnapKit" */ = {
			isa = XCRemoteSwiftPackageReference;
			repositoryURL = "https://github.com/SnapKit/SnapKit";
			requirement = {
				kind = upToNextMajorVersion;
				minimumVersion = 5.0.1;
			};
		};
/* End XCRemoteSwiftPackageReference section */

/* Begin XCSwiftPackageProductDependency section */
		461D4C8226FE09820072E4F3 /* Lottie */ = {
			isa = XCSwiftPackageProductDependency;
			package = 461D4C8126FE09820072E4F3 /* XCRemoteSwiftPackageReference "lottie-ios" */;
			productName = Lottie;
		};
		464E3DA326FCAF3600D4CF76 /* SnapKit */ = {
			isa = XCSwiftPackageProductDependency;
			package = 464E3DA226FCAF3600D4CF76 /* XCRemoteSwiftPackageReference "SnapKit" */;
			productName = SnapKit;
		};
/* End XCSwiftPackageProductDependency section */
	};
	rootObject = 46A4BF4C26F36F2B00B42C77 /* Project object */;
}
